
Microsoft Visual Studio Solution File, Format Version 12.00
# Visual Studio Version 16
VisualStudioVersion = 16.0.33529.622
MinimumVisualStudioVersion = 10.0.40219.1
Project("{FAE04EC0-301F-11D3-BF4B-00C04F79EFBC}") = "nilnul._task_._LIB_", "nilnul._task_._LIB_.csproj", "{6A659E43-DB3A-43E7-B071-697B6FA07975}"
EndProject
Global
	GlobalSection(SolutionConfigurationPlatforms) = preSolution
		Debug|Any CPU = Debug|Any CPU
		Dev2nuget|Any CPU = Dev2nuget|Any CPU
		Nuget|Any CPU = Nuget|Any CPU
		Release|Any CPU = Release|Any CPU
		Sym2nuget|Any CPU = Sym2nuget|Any CPU
		Symbol|Any CPU = Symbol|Any CPU
		Symbols4Debug|Any CPU = Symbols4Debug|Any CPU
	EndGlobalSection
	GlobalSection(ProjectConfigurationPlatforms) = postSolution
		{6A659E43-DB3A-43E7-B071-697B6FA07975}.Debug|Any CPU.ActiveCfg = Debug|Any CPU
		{6A659E43-DB3A-43E7-B071-697B6FA07975}.Debug|Any CPU.Build.0 = Debug|Any CPU
		{6A659E43-DB3A-43E7-B071-697B6FA07975}.Dev2nuget|Any CPU.ActiveCfg = Dev2nuget|Any CPU
		{6A659E43-DB3A-43E7-B071-697B6FA07975}.Dev2nuget|Any CPU.Build.0 = Dev2nuget|Any CPU
		{6A659E43-DB3A-43E7-B071-697B6FA07975}.Nuget|Any CPU.ActiveCfg = Nuget|Any CPU
		{6A659E43-DB3A-43E7-B071-697B6FA07975}.Nuget|Any CPU.Build.0 = Nuget|Any CPU
		{6A659E43-DB3A-43E7-B071-697B6FA07975}.Release|Any CPU.ActiveCfg = Release|Any CPU
		{6A659E43-DB3A-43E7-B071-697B6FA07975}.Release|Any CPU.Build.0 = Release|Any CPU
		{6A659E43-DB3A-43E7-B071-697B6FA07975}.Sym2nuget|Any CPU.ActiveCfg = Sym2nuget|Any CPU
		{6A659E43-DB3A-43E7-B071-697B6FA07975}.Sym2nuget|Any CPU.Build.0 = Sym2nuget|Any CPU
		{6A659E43-DB3A-43E7-B071-697B6FA07975}.Symbol|Any CPU.ActiveCfg = Symbol|Any CPU
		{6A659E43-DB3A-43E7-B071-697B6FA07975}.Symbol|Any CPU.Build.0 = Symbol|Any CPU
		{6A659E43-DB3A-43E7-B071-697B6FA07975}.Symbols4Debug|Any CPU.ActiveCfg = Symbols4Debug|Any CPU
		{6A659E43-DB3A-43E7-B071-697B6FA07975}.Symbols4Debug|Any CPU.Build.0 = Symbols4Debug|Any CPU
	EndGlobalSection
	GlobalSection(SolutionProperties) = preSolution
		HideSolutionNode = FALSE
	EndGlobalSection
	GlobalSection(ExtensibilityGlobals) = postSolution
		SolutionGuid = {942D4112-9C4A-4CE3-8224-6F9C4169D574}
	EndGlobalSection
EndGlobal
