
Microsoft Visual Studio Solution File, Format Version 12.00
# Visual Studio 2013
VisualStudioVersion = 12.0.21005.1
MinimumVisualStudioVersion = 10.0.40219.1
Project("{2150E333-8FDC-42A3-9474-1A3956D46DE8}") = "task", "task", "{CEBA0D86-9878-4E92-ADB7-1E2414928C0F}"
EndProject
Project("{FAE04EC0-301F-11D3-BF4B-00C04F79EFBC}") = "nilnul.task", "nilnul.task.csproj", "{C6FC34B1-CB17-490D-A435-B31AD89AAF48}"
EndProject
Project("{FAE04EC0-301F-11D3-BF4B-00C04F79EFBC}") = "nilnul.relation(130616", "..\..\nilnul.relation(sln\lib\nilnul.relation(130616.csproj", "{D9162372-81BE-4D8F-8321-E5D53372C59C}"
EndProject
Project("{FAE04EC0-301F-11D3-BF4B-00C04F79EFBC}") = "nilnul(130621", "..\..\nilnul(130115\lib\nilnul(130621.csproj", "{781321C7-7737-4B1F-BA13-048169502805}"
EndProject
Project("{FAE04EC0-301F-11D3-BF4B-00C04F79EFBC}") = "nilnul.bit130616", "..\..\nilnul.bit(sln\lib\nilnul.bit130616.csproj", "{109C1344-5BEA-4E1A-B662-2C7FE60AC428}"
EndProject
Project("{2150E333-8FDC-42A3-9474-1A3956D46DE8}") = "rational", "rational", "{07A29866-9E55-44EC-8A45-64D041A82556}"
EndProject
Project("{FAE04EC0-301F-11D3-BF4B-00C04F79EFBC}") = "nilnul.num.natural", "..\..\nilnul.num.natural(sln\lib\nilnul.num.natural.csproj", "{E4AC66BE-7995-4581-85E4-38D4E1C3E79F}"
EndProject
Project("{2150E333-8FDC-42A3-9474-1A3956D46DE8}") = "111.ref", "111.ref", "{F2E4F5EF-4650-4564-A94E-38B39B6D3A71}"
EndProject
Project("{FAE04EC0-301F-11D3-BF4B-00C04F79EFBC}") = "nilnul.obj", "..\..\nilnul.obj\lib\nilnul.obj.csproj", "{9807479B-F797-4A18-9FEB-0CC576C27308}"
EndProject
Project("{FAE04EC0-301F-11D3-BF4B-00C04F79EFBC}") = "nilnul.num.rational", "..\..\nilnul.num.rational(sln)\lib\nilnul.num.rational.csproj", "{F8C3A892-7DE5-4CB1-AB2F-8AB743C12DE0}"
EndProject
Project("{FAE04EC0-301F-11D3-BF4B-00C04F79EFBC}") = "nilnul.math.calculus130701", "..\..\nilnul.math.calculus(sln\lib\nilnul.math.calculus130701.csproj", "{7BF07E3D-6ED2-4432-950A-3E3E1F6778F3}"
EndProject
Project("{2150E333-8FDC-42A3-9474-1A3956D46DE8}") = "prob", "prob", "{1F5BC617-8BC2-4842-9851-8E0839C58CF3}"
EndProject
Project("{FAE04EC0-301F-11D3-BF4B-00C04F79EFBC}") = "nilnul.prob(130716", "..\..\nilnul.probability(sln\lib\nilnul.prob(130716.csproj", "{8087EA58-D733-47FB-A1D6-FD869AFD93B9}"
EndProject
Project("{FAE04EC0-301F-11D3-BF4B-00C04F79EFBC}") = "nilnul.num.int_", "..\..\nilnul.num.integer(sln)\lib\nilnul.num.int_.csproj", "{8CA1D4DC-E1CF-4769-966F-EC26B3FD7802}"
EndProject
Project("{2150E333-8FDC-42A3-9474-1A3956D46DE8}") = "ref", "ref", "{5688FE92-6238-401D-9DEF-46C0AF96C295}"
EndProject
Project("{FAE04EC0-301F-11D3-BF4B-00C04F79EFBC}") = "MathNet.Iridium", "..\..\MathNet.Iridium-2008.8.16.470\Sources\Library\MathNet.Iridium.csproj", "{9D7A8862-8E96-4C03-B6BB-16068507BA91}"
EndProject
Project("{FAE04EC0-301F-11D3-BF4B-00C04F79EFBC}") = "johnHurliman(specialFunctions", "..\..\johnHurliman.math.calculus(specialFunctions)\johnHurliman(specialFunctions.csproj", "{ED04523E-F00A-43D4-A709-B7368EA07910}"
EndProject
Project("{FAE04EC0-301F-11D3-BF4B-00C04F79EFBC}") = "miroslavStampar.math.calculus(specialFunctions)", "..\..\miroslavStampar.math.calculus(specialFunctions)\miroslavStampar.math.calculus(specialFunctions).csproj", "{8CCB1E6E-C7FF-43F3-B40A-6EB1B3CC2852}"
EndProject
Project("{FAE04EC0-301F-11D3-BF4B-00C04F79EFBC}") = "nilnul.num.real(130710", "..\..\nilnul.num.real\lib\nilnul.num.real(130710.csproj", "{B6428C9D-7F5E-4E6A-94C5-3805FE999481}"
EndProject
Project("{2150E333-8FDC-42A3-9474-1A3956D46DE8}") = "ref", "ref", "{1BC129E2-EA41-4525-B29F-C3FCE7C4097F}"
EndProject
Project("{FAE04EC0-301F-11D3-BF4B-00C04F79EFBC}") = "nilnul.collection.set130710", "..\..\nilnul.collection.set\lib\nilnul.collection.set130710.csproj", "{2AA0C2E4-554D-4E03-BB2D-9325DEF32AD0}"
EndProject
Project("{FAE04EC0-301F-11D3-BF4B-00C04F79EFBC}") = "nilnul.order(131219withInterval", "..\..\nilnul.order\lib\nilnul.order(131219withInterval.csproj", "{63759CD3-6172-4308-B978-3563645F858E}"
EndProject
Project("{FAE04EC0-301F-11D3-BF4B-00C04F79EFBC}") = "nilnul.func(140105", "..\..\nilnul.func(sln\nilnul.function(lib\nilnul.func(140105.csproj", "{BFB818F8-3C11-4BE5-AFFF-B7277B3B63AE}"
EndProject
Project("{2150E333-8FDC-42A3-9474-1A3956D46DE8}") = "ref (2)", "ref (2)", "{FE55CA58-0DBF-476B-B6D0-C02D6891E3E2}"
EndProject
Project("{FAE04EC0-301F-11D3-BF4B-00C04F79EFBC}") = "nilnul.collection(131218", "..\..\nilnul.collection\lib\nilnul.collection(131218.csproj", "{D36483EC-D896-4EB7-A876-2C030BAB56E5}"
EndProject
Project("{FAE04EC0-301F-11D3-BF4B-00C04F79EFBC}") = "sergeyBochkanov.alglib", "..\..\alglib-3.5.0.csharp\csharp\src\sergeyBochkanov.alglib.csproj", "{5512D602-B3D6-4D94-AE50-6189FA9A080B}"
EndProject
Global
	GlobalSection(SolutionConfigurationPlatforms) = preSolution
		_Temp|Any CPU = _Temp|Any CPU
		_Temp|Mixed Platforms = _Temp|Mixed Platforms
		_Temp|x86 = _Temp|x86
		Debug|Any CPU = Debug|Any CPU
		Debug|Mixed Platforms = Debug|Mixed Platforms
		Debug|x86 = Debug|x86
		Release|Any CPU = Release|Any CPU
		Release|Mixed Platforms = Release|Mixed Platforms
		Release|x86 = Release|x86
	EndGlobalSection
	GlobalSection(ProjectConfigurationPlatforms) = postSolution
		{C6FC34B1-CB17-490D-A435-B31AD89AAF48}._Temp|Any CPU.ActiveCfg = Release|Any CPU
		{C6FC34B1-CB17-490D-A435-B31AD89AAF48}._Temp|Any CPU.Build.0 = Release|Any CPU
		{C6FC34B1-CB17-490D-A435-B31AD89AAF48}._Temp|Mixed Platforms.ActiveCfg = Release|Any CPU
		{C6FC34B1-CB17-490D-A435-B31AD89AAF48}._Temp|Mixed Platforms.Build.0 = Release|Any CPU
		{C6FC34B1-CB17-490D-A435-B31AD89AAF48}._Temp|x86.ActiveCfg = Release|Any CPU
		{C6FC34B1-CB17-490D-A435-B31AD89AAF48}.Debug|Any CPU.ActiveCfg = Debug|Any CPU
		{C6FC34B1-CB17-490D-A435-B31AD89AAF48}.Debug|Any CPU.Build.0 = Debug|Any CPU
		{C6FC34B1-CB17-490D-A435-B31AD89AAF48}.Debug|Mixed Platforms.ActiveCfg = Debug|Any CPU
		{C6FC34B1-CB17-490D-A435-B31AD89AAF48}.Debug|Mixed Platforms.Build.0 = Debug|Any CPU
		{C6FC34B1-CB17-490D-A435-B31AD89AAF48}.Debug|x86.ActiveCfg = Debug|Any CPU
		{C6FC34B1-CB17-490D-A435-B31AD89AAF48}.Release|Any CPU.ActiveCfg = Release|Any CPU
		{C6FC34B1-CB17-490D-A435-B31AD89AAF48}.Release|Any CPU.Build.0 = Release|Any CPU
		{C6FC34B1-CB17-490D-A435-B31AD89AAF48}.Release|Mixed Platforms.ActiveCfg = Release|Any CPU
		{C6FC34B1-CB17-490D-A435-B31AD89AAF48}.Release|Mixed Platforms.Build.0 = Release|Any CPU
		{C6FC34B1-CB17-490D-A435-B31AD89AAF48}.Release|x86.ActiveCfg = Release|Any CPU
		{D9162372-81BE-4D8F-8321-E5D53372C59C}._Temp|Any CPU.ActiveCfg = Release|Any CPU
		{D9162372-81BE-4D8F-8321-E5D53372C59C}._Temp|Any CPU.Build.0 = Release|Any CPU
		{D9162372-81BE-4D8F-8321-E5D53372C59C}._Temp|Mixed Platforms.ActiveCfg = Release|Any CPU
		{D9162372-81BE-4D8F-8321-E5D53372C59C}._Temp|Mixed Platforms.Build.0 = Release|Any CPU
		{D9162372-81BE-4D8F-8321-E5D53372C59C}._Temp|x86.ActiveCfg = Release|Any CPU
		{D9162372-81BE-4D8F-8321-E5D53372C59C}.Debug|Any CPU.ActiveCfg = Debug|Any CPU
		{D9162372-81BE-4D8F-8321-E5D53372C59C}.Debug|Any CPU.Build.0 = Debug|Any CPU
		{D9162372-81BE-4D8F-8321-E5D53372C59C}.Debug|Mixed Platforms.ActiveCfg = Debug|Any CPU
		{D9162372-81BE-4D8F-8321-E5D53372C59C}.Debug|Mixed Platforms.Build.0 = Debug|Any CPU
		{D9162372-81BE-4D8F-8321-E5D53372C59C}.Debug|x86.ActiveCfg = Debug|Any CPU
		{D9162372-81BE-4D8F-8321-E5D53372C59C}.Release|Any CPU.ActiveCfg = Release|Any CPU
		{D9162372-81BE-4D8F-8321-E5D53372C59C}.Release|Any CPU.Build.0 = Release|Any CPU
		{D9162372-81BE-4D8F-8321-E5D53372C59C}.Release|Mixed Platforms.ActiveCfg = Release|Any CPU
		{D9162372-81BE-4D8F-8321-E5D53372C59C}.Release|Mixed Platforms.Build.0 = Release|Any CPU
		{D9162372-81BE-4D8F-8321-E5D53372C59C}.Release|x86.ActiveCfg = Release|Any CPU
		{781321C7-7737-4B1F-BA13-048169502805}._Temp|Any CPU.ActiveCfg = _Temp|Any CPU
		{781321C7-7737-4B1F-BA13-048169502805}._Temp|Any CPU.Build.0 = _Temp|Any CPU
		{781321C7-7737-4B1F-BA13-048169502805}._Temp|Mixed Platforms.ActiveCfg = _Temp|Any CPU
		{781321C7-7737-4B1F-BA13-048169502805}._Temp|Mixed Platforms.Build.0 = _Temp|Any CPU
		{781321C7-7737-4B1F-BA13-048169502805}._Temp|x86.ActiveCfg = _Temp|Any CPU
		{781321C7-7737-4B1F-BA13-048169502805}.Debug|Any CPU.ActiveCfg = Debug|Any CPU
		{781321C7-7737-4B1F-BA13-048169502805}.Debug|Any CPU.Build.0 = Debug|Any CPU
		{781321C7-7737-4B1F-BA13-048169502805}.Debug|Mixed Platforms.ActiveCfg = Debug|Any CPU
		{781321C7-7737-4B1F-BA13-048169502805}.Debug|Mixed Platforms.Build.0 = Debug|Any CPU
		{781321C7-7737-4B1F-BA13-048169502805}.Debug|x86.ActiveCfg = Debug|Any CPU
		{781321C7-7737-4B1F-BA13-048169502805}.Release|Any CPU.ActiveCfg = Release|Any CPU
		{781321C7-7737-4B1F-BA13-048169502805}.Release|Any CPU.Build.0 = Release|Any CPU
		{781321C7-7737-4B1F-BA13-048169502805}.Release|Mixed Platforms.ActiveCfg = Release|Any CPU
		{781321C7-7737-4B1F-BA13-048169502805}.Release|Mixed Platforms.Build.0 = Release|Any CPU
		{781321C7-7737-4B1F-BA13-048169502805}.Release|x86.ActiveCfg = Release|Any CPU
		{109C1344-5BEA-4E1A-B662-2C7FE60AC428}._Temp|Any CPU.ActiveCfg = _Temp|Any CPU
		{109C1344-5BEA-4E1A-B662-2C7FE60AC428}._Temp|Any CPU.Build.0 = _Temp|Any CPU
		{109C1344-5BEA-4E1A-B662-2C7FE60AC428}._Temp|Mixed Platforms.ActiveCfg = _Temp|Any CPU
		{109C1344-5BEA-4E1A-B662-2C7FE60AC428}._Temp|Mixed Platforms.Build.0 = _Temp|Any CPU
		{109C1344-5BEA-4E1A-B662-2C7FE60AC428}._Temp|x86.ActiveCfg = _Temp|Any CPU
		{109C1344-5BEA-4E1A-B662-2C7FE60AC428}.Debug|Any CPU.ActiveCfg = Debug|Any CPU
		{109C1344-5BEA-4E1A-B662-2C7FE60AC428}.Debug|Any CPU.Build.0 = Debug|Any CPU
		{109C1344-5BEA-4E1A-B662-2C7FE60AC428}.Debug|Mixed Platforms.ActiveCfg = Debug|Any CPU
		{109C1344-5BEA-4E1A-B662-2C7FE60AC428}.Debug|Mixed Platforms.Build.0 = Debug|Any CPU
		{109C1344-5BEA-4E1A-B662-2C7FE60AC428}.Debug|x86.ActiveCfg = Debug|Any CPU
		{109C1344-5BEA-4E1A-B662-2C7FE60AC428}.Release|Any CPU.ActiveCfg = Release|Any CPU
		{109C1344-5BEA-4E1A-B662-2C7FE60AC428}.Release|Any CPU.Build.0 = Release|Any CPU
		{109C1344-5BEA-4E1A-B662-2C7FE60AC428}.Release|Mixed Platforms.ActiveCfg = Release|Any CPU
		{109C1344-5BEA-4E1A-B662-2C7FE60AC428}.Release|Mixed Platforms.Build.0 = Release|Any CPU
		{109C1344-5BEA-4E1A-B662-2C7FE60AC428}.Release|x86.ActiveCfg = Release|Any CPU
		{E4AC66BE-7995-4581-85E4-38D4E1C3E79F}._Temp|Any CPU.ActiveCfg = Release|Any CPU
		{E4AC66BE-7995-4581-85E4-38D4E1C3E79F}._Temp|Any CPU.Build.0 = Release|Any CPU
		{E4AC66BE-7995-4581-85E4-38D4E1C3E79F}._Temp|Mixed Platforms.ActiveCfg = Release|Any CPU
		{E4AC66BE-7995-4581-85E4-38D4E1C3E79F}._Temp|Mixed Platforms.Build.0 = Release|Any CPU
		{E4AC66BE-7995-4581-85E4-38D4E1C3E79F}._Temp|x86.ActiveCfg = Release|Any CPU
		{E4AC66BE-7995-4581-85E4-38D4E1C3E79F}.Debug|Any CPU.ActiveCfg = Debug|Any CPU
		{E4AC66BE-7995-4581-85E4-38D4E1C3E79F}.Debug|Any CPU.Build.0 = Debug|Any CPU
		{E4AC66BE-7995-4581-85E4-38D4E1C3E79F}.Debug|Mixed Platforms.ActiveCfg = Debug|Any CPU
		{E4AC66BE-7995-4581-85E4-38D4E1C3E79F}.Debug|Mixed Platforms.Build.0 = Debug|Any CPU
		{E4AC66BE-7995-4581-85E4-38D4E1C3E79F}.Debug|x86.ActiveCfg = Debug|Any CPU
		{E4AC66BE-7995-4581-85E4-38D4E1C3E79F}.Release|Any CPU.ActiveCfg = Release|Any CPU
		{E4AC66BE-7995-4581-85E4-38D4E1C3E79F}.Release|Any CPU.Build.0 = Release|Any CPU
		{E4AC66BE-7995-4581-85E4-38D4E1C3E79F}.Release|Mixed Platforms.ActiveCfg = Release|Any CPU
		{E4AC66BE-7995-4581-85E4-38D4E1C3E79F}.Release|Mixed Platforms.Build.0 = Release|Any CPU
		{E4AC66BE-7995-4581-85E4-38D4E1C3E79F}.Release|x86.ActiveCfg = Release|Any CPU
		{9807479B-F797-4A18-9FEB-0CC576C27308}._Temp|Any CPU.ActiveCfg = _Temp|Any CPU
		{9807479B-F797-4A18-9FEB-0CC576C27308}._Temp|Any CPU.Build.0 = _Temp|Any CPU
		{9807479B-F797-4A18-9FEB-0CC576C27308}._Temp|Mixed Platforms.ActiveCfg = _Temp|Any CPU
		{9807479B-F797-4A18-9FEB-0CC576C27308}._Temp|Mixed Platforms.Build.0 = _Temp|Any CPU
		{9807479B-F797-4A18-9FEB-0CC576C27308}._Temp|x86.ActiveCfg = _Temp|Any CPU
		{9807479B-F797-4A18-9FEB-0CC576C27308}.Debug|Any CPU.ActiveCfg = Debug|Any CPU
		{9807479B-F797-4A18-9FEB-0CC576C27308}.Debug|Any CPU.Build.0 = Debug|Any CPU
		{9807479B-F797-4A18-9FEB-0CC576C27308}.Debug|Mixed Platforms.ActiveCfg = Debug|Any CPU
		{9807479B-F797-4A18-9FEB-0CC576C27308}.Debug|Mixed Platforms.Build.0 = Debug|Any CPU
		{9807479B-F797-4A18-9FEB-0CC576C27308}.Debug|x86.ActiveCfg = Debug|Any CPU
		{9807479B-F797-4A18-9FEB-0CC576C27308}.Release|Any CPU.ActiveCfg = Release|Any CPU
		{9807479B-F797-4A18-9FEB-0CC576C27308}.Release|Any CPU.Build.0 = Release|Any CPU
		{9807479B-F797-4A18-9FEB-0CC576C27308}.Release|Mixed Platforms.ActiveCfg = Release|Any CPU
		{9807479B-F797-4A18-9FEB-0CC576C27308}.Release|Mixed Platforms.Build.0 = Release|Any CPU
		{9807479B-F797-4A18-9FEB-0CC576C27308}.Release|x86.ActiveCfg = Release|Any CPU
		{F8C3A892-7DE5-4CB1-AB2F-8AB743C12DE0}._Temp|Any CPU.ActiveCfg = Release|Any CPU
		{F8C3A892-7DE5-4CB1-AB2F-8AB743C12DE0}._Temp|Any CPU.Build.0 = Release|Any CPU
		{F8C3A892-7DE5-4CB1-AB2F-8AB743C12DE0}._Temp|Mixed Platforms.ActiveCfg = Release|Any CPU
		{F8C3A892-7DE5-4CB1-AB2F-8AB743C12DE0}._Temp|Mixed Platforms.Build.0 = Release|Any CPU
		{F8C3A892-7DE5-4CB1-AB2F-8AB743C12DE0}._Temp|x86.ActiveCfg = Release|Any CPU
		{F8C3A892-7DE5-4CB1-AB2F-8AB743C12DE0}.Debug|Any CPU.ActiveCfg = Debug|Any CPU
		{F8C3A892-7DE5-4CB1-AB2F-8AB743C12DE0}.Debug|Any CPU.Build.0 = Debug|Any CPU
		{F8C3A892-7DE5-4CB1-AB2F-8AB743C12DE0}.Debug|Mixed Platforms.ActiveCfg = Debug|Any CPU
		{F8C3A892-7DE5-4CB1-AB2F-8AB743C12DE0}.Debug|Mixed Platforms.Build.0 = Debug|Any CPU
		{F8C3A892-7DE5-4CB1-AB2F-8AB743C12DE0}.Debug|x86.ActiveCfg = Debug|Any CPU
		{F8C3A892-7DE5-4CB1-AB2F-8AB743C12DE0}.Release|Any CPU.ActiveCfg = Release|Any CPU
		{F8C3A892-7DE5-4CB1-AB2F-8AB743C12DE0}.Release|Any CPU.Build.0 = Release|Any CPU
		{F8C3A892-7DE5-4CB1-AB2F-8AB743C12DE0}.Release|Mixed Platforms.ActiveCfg = Release|Any CPU
		{F8C3A892-7DE5-4CB1-AB2F-8AB743C12DE0}.Release|Mixed Platforms.Build.0 = Release|Any CPU
		{F8C3A892-7DE5-4CB1-AB2F-8AB743C12DE0}.Release|x86.ActiveCfg = Release|Any CPU
		{7BF07E3D-6ED2-4432-950A-3E3E1F6778F3}._Temp|Any CPU.ActiveCfg = Release|Any CPU
		{7BF07E3D-6ED2-4432-950A-3E3E1F6778F3}._Temp|Any CPU.Build.0 = Release|Any CPU
		{7BF07E3D-6ED2-4432-950A-3E3E1F6778F3}._Temp|Mixed Platforms.ActiveCfg = Release|Any CPU
		{7BF07E3D-6ED2-4432-950A-3E3E1F6778F3}._Temp|Mixed Platforms.Build.0 = Release|Any CPU
		{7BF07E3D-6ED2-4432-950A-3E3E1F6778F3}._Temp|x86.ActiveCfg = Release|Any CPU
		{7BF07E3D-6ED2-4432-950A-3E3E1F6778F3}.Debug|Any CPU.ActiveCfg = Debug|Any CPU
		{7BF07E3D-6ED2-4432-950A-3E3E1F6778F3}.Debug|Any CPU.Build.0 = Debug|Any CPU
		{7BF07E3D-6ED2-4432-950A-3E3E1F6778F3}.Debug|Mixed Platforms.ActiveCfg = Debug|Any CPU
		{7BF07E3D-6ED2-4432-950A-3E3E1F6778F3}.Debug|Mixed Platforms.Build.0 = Debug|Any CPU
		{7BF07E3D-6ED2-4432-950A-3E3E1F6778F3}.Debug|x86.ActiveCfg = Debug|Any CPU
		{7BF07E3D-6ED2-4432-950A-3E3E1F6778F3}.Release|Any CPU.ActiveCfg = Release|Any CPU
		{7BF07E3D-6ED2-4432-950A-3E3E1F6778F3}.Release|Any CPU.Build.0 = Release|Any CPU
		{7BF07E3D-6ED2-4432-950A-3E3E1F6778F3}.Release|Mixed Platforms.ActiveCfg = Release|Any CPU
		{7BF07E3D-6ED2-4432-950A-3E3E1F6778F3}.Release|Mixed Platforms.Build.0 = Release|Any CPU
		{7BF07E3D-6ED2-4432-950A-3E3E1F6778F3}.Release|x86.ActiveCfg = Release|Any CPU
		{8087EA58-D733-47FB-A1D6-FD869AFD93B9}._Temp|Any CPU.ActiveCfg = Release|Any CPU
		{8087EA58-D733-47FB-A1D6-FD869AFD93B9}._Temp|Any CPU.Build.0 = Release|Any CPU
		{8087EA58-D733-47FB-A1D6-FD869AFD93B9}._Temp|Mixed Platforms.ActiveCfg = Release|Any CPU
		{8087EA58-D733-47FB-A1D6-FD869AFD93B9}._Temp|Mixed Platforms.Build.0 = Release|Any CPU
		{8087EA58-D733-47FB-A1D6-FD869AFD93B9}._Temp|x86.ActiveCfg = Release|Any CPU
		{8087EA58-D733-47FB-A1D6-FD869AFD93B9}.Debug|Any CPU.ActiveCfg = Debug|Any CPU
		{8087EA58-D733-47FB-A1D6-FD869AFD93B9}.Debug|Any CPU.Build.0 = Debug|Any CPU
		{8087EA58-D733-47FB-A1D6-FD869AFD93B9}.Debug|Mixed Platforms.ActiveCfg = Debug|Any CPU
		{8087EA58-D733-47FB-A1D6-FD869AFD93B9}.Debug|Mixed Platforms.Build.0 = Debug|Any CPU
		{8087EA58-D733-47FB-A1D6-FD869AFD93B9}.Debug|x86.ActiveCfg = Debug|Any CPU
		{8087EA58-D733-47FB-A1D6-FD869AFD93B9}.Release|Any CPU.ActiveCfg = Release|Any CPU
		{8087EA58-D733-47FB-A1D6-FD869AFD93B9}.Release|Any CPU.Build.0 = Release|Any CPU
		{8087EA58-D733-47FB-A1D6-FD869AFD93B9}.Release|Mixed Platforms.ActiveCfg = Release|Any CPU
		{8087EA58-D733-47FB-A1D6-FD869AFD93B9}.Release|Mixed Platforms.Build.0 = Release|Any CPU
		{8087EA58-D733-47FB-A1D6-FD869AFD93B9}.Release|x86.ActiveCfg = Release|Any CPU
		{8CA1D4DC-E1CF-4769-966F-EC26B3FD7802}._Temp|Any CPU.ActiveCfg = Release|Any CPU
		{8CA1D4DC-E1CF-4769-966F-EC26B3FD7802}._Temp|Any CPU.Build.0 = Release|Any CPU
		{8CA1D4DC-E1CF-4769-966F-EC26B3FD7802}._Temp|Mixed Platforms.ActiveCfg = Release|Any CPU
		{8CA1D4DC-E1CF-4769-966F-EC26B3FD7802}._Temp|Mixed Platforms.Build.0 = Release|Any CPU
		{8CA1D4DC-E1CF-4769-966F-EC26B3FD7802}._Temp|x86.ActiveCfg = Release|Any CPU
		{8CA1D4DC-E1CF-4769-966F-EC26B3FD7802}.Debug|Any CPU.ActiveCfg = Debug|Any CPU
		{8CA1D4DC-E1CF-4769-966F-EC26B3FD7802}.Debug|Any CPU.Build.0 = Debug|Any CPU
		{8CA1D4DC-E1CF-4769-966F-EC26B3FD7802}.Debug|Mixed Platforms.ActiveCfg = Debug|Any CPU
		{8CA1D4DC-E1CF-4769-966F-EC26B3FD7802}.Debug|Mixed Platforms.Build.0 = Debug|Any CPU
		{8CA1D4DC-E1CF-4769-966F-EC26B3FD7802}.Debug|x86.ActiveCfg = Debug|Any CPU
		{8CA1D4DC-E1CF-4769-966F-EC26B3FD7802}.Release|Any CPU.ActiveCfg = Release|Any CPU
		{8CA1D4DC-E1CF-4769-966F-EC26B3FD7802}.Release|Any CPU.Build.0 = Release|Any CPU
		{8CA1D4DC-E1CF-4769-966F-EC26B3FD7802}.Release|Mixed Platforms.ActiveCfg = Release|Any CPU
		{8CA1D4DC-E1CF-4769-966F-EC26B3FD7802}.Release|Mixed Platforms.Build.0 = Release|Any CPU
		{8CA1D4DC-E1CF-4769-966F-EC26B3FD7802}.Release|x86.ActiveCfg = Release|Any CPU
		{9D7A8862-8E96-4C03-B6BB-16068507BA91}._Temp|Any CPU.ActiveCfg = Release|Any CPU
		{9D7A8862-8E96-4C03-B6BB-16068507BA91}._Temp|Any CPU.Build.0 = Release|Any CPU
		{9D7A8862-8E96-4C03-B6BB-16068507BA91}._Temp|Mixed Platforms.ActiveCfg = Release|Any CPU
		{9D7A8862-8E96-4C03-B6BB-16068507BA91}._Temp|Mixed Platforms.Build.0 = Release|Any CPU
		{9D7A8862-8E96-4C03-B6BB-16068507BA91}._Temp|x86.ActiveCfg = Release|Any CPU
		{9D7A8862-8E96-4C03-B6BB-16068507BA91}.Debug|Any CPU.ActiveCfg = Debug|Any CPU
		{9D7A8862-8E96-4C03-B6BB-16068507BA91}.Debug|Any CPU.Build.0 = Debug|Any CPU
		{9D7A8862-8E96-4C03-B6BB-16068507BA91}.Debug|Mixed Platforms.ActiveCfg = Debug|Any CPU
		{9D7A8862-8E96-4C03-B6BB-16068507BA91}.Debug|Mixed Platforms.Build.0 = Debug|Any CPU
		{9D7A8862-8E96-4C03-B6BB-16068507BA91}.Debug|x86.ActiveCfg = Debug|Any CPU
		{9D7A8862-8E96-4C03-B6BB-16068507BA91}.Release|Any CPU.ActiveCfg = Release|Any CPU
		{9D7A8862-8E96-4C03-B6BB-16068507BA91}.Release|Any CPU.Build.0 = Release|Any CPU
		{9D7A8862-8E96-4C03-B6BB-16068507BA91}.Release|Mixed Platforms.ActiveCfg = Release|Any CPU
		{9D7A8862-8E96-4C03-B6BB-16068507BA91}.Release|Mixed Platforms.Build.0 = Release|Any CPU
		{9D7A8862-8E96-4C03-B6BB-16068507BA91}.Release|x86.ActiveCfg = Release|Any CPU
		{ED04523E-F00A-43D4-A709-B7368EA07910}._Temp|Any CPU.ActiveCfg = Release|Any CPU
		{ED04523E-F00A-43D4-A709-B7368EA07910}._Temp|Any CPU.Build.0 = Release|Any CPU
		{ED04523E-F00A-43D4-A709-B7368EA07910}._Temp|Mixed Platforms.ActiveCfg = Release|Any CPU
		{ED04523E-F00A-43D4-A709-B7368EA07910}._Temp|Mixed Platforms.Build.0 = Release|Any CPU
		{ED04523E-F00A-43D4-A709-B7368EA07910}._Temp|x86.ActiveCfg = Release|Any CPU
		{ED04523E-F00A-43D4-A709-B7368EA07910}.Debug|Any CPU.ActiveCfg = Debug|Any CPU
		{ED04523E-F00A-43D4-A709-B7368EA07910}.Debug|Any CPU.Build.0 = Debug|Any CPU
		{ED04523E-F00A-43D4-A709-B7368EA07910}.Debug|Mixed Platforms.ActiveCfg = Debug|Any CPU
		{ED04523E-F00A-43D4-A709-B7368EA07910}.Debug|Mixed Platforms.Build.0 = Debug|Any CPU
		{ED04523E-F00A-43D4-A709-B7368EA07910}.Debug|x86.ActiveCfg = Debug|Any CPU
		{ED04523E-F00A-43D4-A709-B7368EA07910}.Release|Any CPU.ActiveCfg = Release|Any CPU
		{ED04523E-F00A-43D4-A709-B7368EA07910}.Release|Any CPU.Build.0 = Release|Any CPU
		{ED04523E-F00A-43D4-A709-B7368EA07910}.Release|Mixed Platforms.ActiveCfg = Release|Any CPU
		{ED04523E-F00A-43D4-A709-B7368EA07910}.Release|Mixed Platforms.Build.0 = Release|Any CPU
		{ED04523E-F00A-43D4-A709-B7368EA07910}.Release|x86.ActiveCfg = Release|Any CPU
		{8CCB1E6E-C7FF-43F3-B40A-6EB1B3CC2852}._Temp|Any CPU.ActiveCfg = Release|Any CPU
		{8CCB1E6E-C7FF-43F3-B40A-6EB1B3CC2852}._Temp|Any CPU.Build.0 = Release|Any CPU
		{8CCB1E6E-C7FF-43F3-B40A-6EB1B3CC2852}._Temp|Mixed Platforms.ActiveCfg = Release|Any CPU
		{8CCB1E6E-C7FF-43F3-B40A-6EB1B3CC2852}._Temp|Mixed Platforms.Build.0 = Release|Any CPU
		{8CCB1E6E-C7FF-43F3-B40A-6EB1B3CC2852}._Temp|x86.ActiveCfg = Release|Any CPU
		{8CCB1E6E-C7FF-43F3-B40A-6EB1B3CC2852}.Debug|Any CPU.ActiveCfg = Debug|Any CPU
		{8CCB1E6E-C7FF-43F3-B40A-6EB1B3CC2852}.Debug|Any CPU.Build.0 = Debug|Any CPU
		{8CCB1E6E-C7FF-43F3-B40A-6EB1B3CC2852}.Debug|Mixed Platforms.ActiveCfg = Debug|Any CPU
		{8CCB1E6E-C7FF-43F3-B40A-6EB1B3CC2852}.Debug|Mixed Platforms.Build.0 = Debug|Any CPU
		{8CCB1E6E-C7FF-43F3-B40A-6EB1B3CC2852}.Debug|x86.ActiveCfg = Debug|Any CPU
		{8CCB1E6E-C7FF-43F3-B40A-6EB1B3CC2852}.Release|Any CPU.ActiveCfg = Release|Any CPU
		{8CCB1E6E-C7FF-43F3-B40A-6EB1B3CC2852}.Release|Any CPU.Build.0 = Release|Any CPU
		{8CCB1E6E-C7FF-43F3-B40A-6EB1B3CC2852}.Release|Mixed Platforms.ActiveCfg = Release|Any CPU
		{8CCB1E6E-C7FF-43F3-B40A-6EB1B3CC2852}.Release|Mixed Platforms.Build.0 = Release|Any CPU
		{8CCB1E6E-C7FF-43F3-B40A-6EB1B3CC2852}.Release|x86.ActiveCfg = Release|Any CPU
		{B6428C9D-7F5E-4E6A-94C5-3805FE999481}._Temp|Any CPU.ActiveCfg = Release|Any CPU
		{B6428C9D-7F5E-4E6A-94C5-3805FE999481}._Temp|Any CPU.Build.0 = Release|Any CPU
		{B6428C9D-7F5E-4E6A-94C5-3805FE999481}._Temp|Mixed Platforms.ActiveCfg = Release|Any CPU
		{B6428C9D-7F5E-4E6A-94C5-3805FE999481}._Temp|Mixed Platforms.Build.0 = Release|Any CPU
		{B6428C9D-7F5E-4E6A-94C5-3805FE999481}._Temp|x86.ActiveCfg = Release|Any CPU
		{B6428C9D-7F5E-4E6A-94C5-3805FE999481}.Debug|Any CPU.ActiveCfg = Debug|Any CPU
		{B6428C9D-7F5E-4E6A-94C5-3805FE999481}.Debug|Any CPU.Build.0 = Debug|Any CPU
		{B6428C9D-7F5E-4E6A-94C5-3805FE999481}.Debug|Mixed Platforms.ActiveCfg = Debug|Any CPU
		{B6428C9D-7F5E-4E6A-94C5-3805FE999481}.Debug|Mixed Platforms.Build.0 = Debug|Any CPU
		{B6428C9D-7F5E-4E6A-94C5-3805FE999481}.Debug|x86.ActiveCfg = Debug|Any CPU
		{B6428C9D-7F5E-4E6A-94C5-3805FE999481}.Release|Any CPU.ActiveCfg = Release|Any CPU
		{B6428C9D-7F5E-4E6A-94C5-3805FE999481}.Release|Any CPU.Build.0 = Release|Any CPU
		{B6428C9D-7F5E-4E6A-94C5-3805FE999481}.Release|Mixed Platforms.ActiveCfg = Release|Any CPU
		{B6428C9D-7F5E-4E6A-94C5-3805FE999481}.Release|Mixed Platforms.Build.0 = Release|Any CPU
		{B6428C9D-7F5E-4E6A-94C5-3805FE999481}.Release|x86.ActiveCfg = Release|Any CPU
		{2AA0C2E4-554D-4E03-BB2D-9325DEF32AD0}._Temp|Any CPU.ActiveCfg = Release|Any CPU
		{2AA0C2E4-554D-4E03-BB2D-9325DEF32AD0}._Temp|Any CPU.Build.0 = Release|Any CPU
		{2AA0C2E4-554D-4E03-BB2D-9325DEF32AD0}._Temp|Mixed Platforms.ActiveCfg = Release|Any CPU
		{2AA0C2E4-554D-4E03-BB2D-9325DEF32AD0}._Temp|Mixed Platforms.Build.0 = Release|Any CPU
		{2AA0C2E4-554D-4E03-BB2D-9325DEF32AD0}._Temp|x86.ActiveCfg = Release|Any CPU
		{2AA0C2E4-554D-4E03-BB2D-9325DEF32AD0}.Debug|Any CPU.ActiveCfg = Debug|Any CPU
		{2AA0C2E4-554D-4E03-BB2D-9325DEF32AD0}.Debug|Any CPU.Build.0 = Debug|Any CPU
		{2AA0C2E4-554D-4E03-BB2D-9325DEF32AD0}.Debug|Mixed Platforms.ActiveCfg = Debug|Any CPU
		{2AA0C2E4-554D-4E03-BB2D-9325DEF32AD0}.Debug|Mixed Platforms.Build.0 = Debug|Any CPU
		{2AA0C2E4-554D-4E03-BB2D-9325DEF32AD0}.Debug|x86.ActiveCfg = Debug|Any CPU
		{2AA0C2E4-554D-4E03-BB2D-9325DEF32AD0}.Release|Any CPU.ActiveCfg = Release|Any CPU
		{2AA0C2E4-554D-4E03-BB2D-9325DEF32AD0}.Release|Any CPU.Build.0 = Release|Any CPU
		{2AA0C2E4-554D-4E03-BB2D-9325DEF32AD0}.Release|Mixed Platforms.ActiveCfg = Release|Any CPU
		{2AA0C2E4-554D-4E03-BB2D-9325DEF32AD0}.Release|Mixed Platforms.Build.0 = Release|Any CPU
		{2AA0C2E4-554D-4E03-BB2D-9325DEF32AD0}.Release|x86.ActiveCfg = Release|Any CPU
		{63759CD3-6172-4308-B978-3563645F858E}._Temp|Any CPU.ActiveCfg = Release|Any CPU
		{63759CD3-6172-4308-B978-3563645F858E}._Temp|Any CPU.Build.0 = Release|Any CPU
		{63759CD3-6172-4308-B978-3563645F858E}._Temp|Mixed Platforms.ActiveCfg = Release|Any CPU
		{63759CD3-6172-4308-B978-3563645F858E}._Temp|Mixed Platforms.Build.0 = Release|Any CPU
		{63759CD3-6172-4308-B978-3563645F858E}._Temp|x86.ActiveCfg = Release|Any CPU
		{63759CD3-6172-4308-B978-3563645F858E}.Debug|Any CPU.ActiveCfg = Debug|Any CPU
		{63759CD3-6172-4308-B978-3563645F858E}.Debug|Any CPU.Build.0 = Debug|Any CPU
		{63759CD3-6172-4308-B978-3563645F858E}.Debug|Mixed Platforms.ActiveCfg = Debug|Any CPU
		{63759CD3-6172-4308-B978-3563645F858E}.Debug|Mixed Platforms.Build.0 = Debug|Any CPU
		{63759CD3-6172-4308-B978-3563645F858E}.Debug|x86.ActiveCfg = Debug|Any CPU
		{63759CD3-6172-4308-B978-3563645F858E}.Release|Any CPU.ActiveCfg = Release|Any CPU
		{63759CD3-6172-4308-B978-3563645F858E}.Release|Any CPU.Build.0 = Release|Any CPU
		{63759CD3-6172-4308-B978-3563645F858E}.Release|Mixed Platforms.ActiveCfg = Release|Any CPU
		{63759CD3-6172-4308-B978-3563645F858E}.Release|Mixed Platforms.Build.0 = Release|Any CPU
		{63759CD3-6172-4308-B978-3563645F858E}.Release|x86.ActiveCfg = Release|Any CPU
		{BFB818F8-3C11-4BE5-AFFF-B7277B3B63AE}._Temp|Any CPU.ActiveCfg = Release|Any CPU
		{BFB818F8-3C11-4BE5-AFFF-B7277B3B63AE}._Temp|Any CPU.Build.0 = Release|Any CPU
		{BFB818F8-3C11-4BE5-AFFF-B7277B3B63AE}._Temp|Mixed Platforms.ActiveCfg = Release|Any CPU
		{BFB818F8-3C11-4BE5-AFFF-B7277B3B63AE}._Temp|Mixed Platforms.Build.0 = Release|Any CPU
		{BFB818F8-3C11-4BE5-AFFF-B7277B3B63AE}._Temp|x86.ActiveCfg = Release|Any CPU
		{BFB818F8-3C11-4BE5-AFFF-B7277B3B63AE}.Debug|Any CPU.ActiveCfg = Debug|Any CPU
		{BFB818F8-3C11-4BE5-AFFF-B7277B3B63AE}.Debug|Any CPU.Build.0 = Debug|Any CPU
		{BFB818F8-3C11-4BE5-AFFF-B7277B3B63AE}.Debug|Mixed Platforms.ActiveCfg = Debug|Any CPU
		{BFB818F8-3C11-4BE5-AFFF-B7277B3B63AE}.Debug|Mixed Platforms.Build.0 = Debug|Any CPU
		{BFB818F8-3C11-4BE5-AFFF-B7277B3B63AE}.Debug|x86.ActiveCfg = Debug|Any CPU
		{BFB818F8-3C11-4BE5-AFFF-B7277B3B63AE}.Release|Any CPU.ActiveCfg = Release|Any CPU
		{BFB818F8-3C11-4BE5-AFFF-B7277B3B63AE}.Release|Any CPU.Build.0 = Release|Any CPU
		{BFB818F8-3C11-4BE5-AFFF-B7277B3B63AE}.Release|Mixed Platforms.ActiveCfg = Release|Any CPU
		{BFB818F8-3C11-4BE5-AFFF-B7277B3B63AE}.Release|Mixed Platforms.Build.0 = Release|Any CPU
		{BFB818F8-3C11-4BE5-AFFF-B7277B3B63AE}.Release|x86.ActiveCfg = Release|Any CPU
		{D36483EC-D896-4EB7-A876-2C030BAB56E5}._Temp|Any CPU.ActiveCfg = Release|Any CPU
		{D36483EC-D896-4EB7-A876-2C030BAB56E5}._Temp|Any CPU.Build.0 = Release|Any CPU
		{D36483EC-D896-4EB7-A876-2C030BAB56E5}._Temp|Mixed Platforms.ActiveCfg = Release|Any CPU
		{D36483EC-D896-4EB7-A876-2C030BAB56E5}._Temp|Mixed Platforms.Build.0 = Release|Any CPU
		{D36483EC-D896-4EB7-A876-2C030BAB56E5}._Temp|x86.ActiveCfg = Release|Any CPU
		{D36483EC-D896-4EB7-A876-2C030BAB56E5}.Debug|Any CPU.ActiveCfg = Debug|Any CPU
		{D36483EC-D896-4EB7-A876-2C030BAB56E5}.Debug|Any CPU.Build.0 = Debug|Any CPU
		{D36483EC-D896-4EB7-A876-2C030BAB56E5}.Debug|Mixed Platforms.ActiveCfg = Debug|Any CPU
		{D36483EC-D896-4EB7-A876-2C030BAB56E5}.Debug|Mixed Platforms.Build.0 = Debug|Any CPU
		{D36483EC-D896-4EB7-A876-2C030BAB56E5}.Debug|x86.ActiveCfg = Debug|Any CPU
		{D36483EC-D896-4EB7-A876-2C030BAB56E5}.Release|Any CPU.ActiveCfg = Release|Any CPU
		{D36483EC-D896-4EB7-A876-2C030BAB56E5}.Release|Any CPU.Build.0 = Release|Any CPU
		{D36483EC-D896-4EB7-A876-2C030BAB56E5}.Release|Mixed Platforms.ActiveCfg = Release|Any CPU
		{D36483EC-D896-4EB7-A876-2C030BAB56E5}.Release|Mixed Platforms.Build.0 = Release|Any CPU
		{D36483EC-D896-4EB7-A876-2C030BAB56E5}.Release|x86.ActiveCfg = Release|Any CPU
		{5512D602-B3D6-4D94-AE50-6189FA9A080B}._Temp|Any CPU.ActiveCfg = Release|x86
		{5512D602-B3D6-4D94-AE50-6189FA9A080B}._Temp|Mixed Platforms.ActiveCfg = Release|x86
		{5512D602-B3D6-4D94-AE50-6189FA9A080B}._Temp|Mixed Platforms.Build.0 = Release|x86
		{5512D602-B3D6-4D94-AE50-6189FA9A080B}._Temp|x86.ActiveCfg = Release|x86
		{5512D602-B3D6-4D94-AE50-6189FA9A080B}._Temp|x86.Build.0 = Release|x86
		{5512D602-B3D6-4D94-AE50-6189FA9A080B}.Debug|Any CPU.ActiveCfg = Debug|x86
		{5512D602-B3D6-4D94-AE50-6189FA9A080B}.Debug|Mixed Platforms.ActiveCfg = Debug|x86
		{5512D602-B3D6-4D94-AE50-6189FA9A080B}.Debug|Mixed Platforms.Build.0 = Debug|x86
		{5512D602-B3D6-4D94-AE50-6189FA9A080B}.Debug|x86.ActiveCfg = Debug|x86
		{5512D602-B3D6-4D94-AE50-6189FA9A080B}.Debug|x86.Build.0 = Debug|x86
		{5512D602-B3D6-4D94-AE50-6189FA9A080B}.Release|Any CPU.ActiveCfg = Release|x86
		{5512D602-B3D6-4D94-AE50-6189FA9A080B}.Release|Mixed Platforms.ActiveCfg = Release|x86
		{5512D602-B3D6-4D94-AE50-6189FA9A080B}.Release|Mixed Platforms.Build.0 = Release|x86
		{5512D602-B3D6-4D94-AE50-6189FA9A080B}.Release|x86.ActiveCfg = Release|x86
		{5512D602-B3D6-4D94-AE50-6189FA9A080B}.Release|x86.Build.0 = Release|x86
	EndGlobalSection
	GlobalSection(SolutionProperties) = preSolution
		HideSolutionNode = FALSE
	EndGlobalSection
	GlobalSection(NestedProjects) = preSolution
		{D9162372-81BE-4D8F-8321-E5D53372C59C} = {F2E4F5EF-4650-4564-A94E-38B39B6D3A71}
		{781321C7-7737-4B1F-BA13-048169502805} = {F2E4F5EF-4650-4564-A94E-38B39B6D3A71}
		{109C1344-5BEA-4E1A-B662-2C7FE60AC428} = {F2E4F5EF-4650-4564-A94E-38B39B6D3A71}
		{07A29866-9E55-44EC-8A45-64D041A82556} = {F2E4F5EF-4650-4564-A94E-38B39B6D3A71}
		{9807479B-F797-4A18-9FEB-0CC576C27308} = {F2E4F5EF-4650-4564-A94E-38B39B6D3A71}
		{7BF07E3D-6ED2-4432-950A-3E3E1F6778F3} = {F2E4F5EF-4650-4564-A94E-38B39B6D3A71}
		{1F5BC617-8BC2-4842-9851-8E0839C58CF3} = {F2E4F5EF-4650-4564-A94E-38B39B6D3A71}
		{5688FE92-6238-401D-9DEF-46C0AF96C295} = {F2E4F5EF-4650-4564-A94E-38B39B6D3A71}
		{63759CD3-6172-4308-B978-3563645F858E} = {F2E4F5EF-4650-4564-A94E-38B39B6D3A71}
		{C6FC34B1-CB17-490D-A435-B31AD89AAF48} = {CEBA0D86-9878-4E92-ADB7-1E2414928C0F}
		{E4AC66BE-7995-4581-85E4-38D4E1C3E79F} = {07A29866-9E55-44EC-8A45-64D041A82556}
		{F8C3A892-7DE5-4CB1-AB2F-8AB743C12DE0} = {07A29866-9E55-44EC-8A45-64D041A82556}
		{8CA1D4DC-E1CF-4769-966F-EC26B3FD7802} = {07A29866-9E55-44EC-8A45-64D041A82556}
		{8087EA58-D733-47FB-A1D6-FD869AFD93B9} = {1F5BC617-8BC2-4842-9851-8E0839C58CF3}
		{9D7A8862-8E96-4C03-B6BB-16068507BA91} = {5688FE92-6238-401D-9DEF-46C0AF96C295}
		{ED04523E-F00A-43D4-A709-B7368EA07910} = {5688FE92-6238-401D-9DEF-46C0AF96C295}
		{8CCB1E6E-C7FF-43F3-B40A-6EB1B3CC2852} = {5688FE92-6238-401D-9DEF-46C0AF96C295}
		{B6428C9D-7F5E-4E6A-94C5-3805FE999481} = {5688FE92-6238-401D-9DEF-46C0AF96C295}
		{1BC129E2-EA41-4525-B29F-C3FCE7C4097F} = {5688FE92-6238-401D-9DEF-46C0AF96C295}
		{BFB818F8-3C11-4BE5-AFFF-B7277B3B63AE} = {5688FE92-6238-401D-9DEF-46C0AF96C295}
		{FE55CA58-0DBF-476B-B6D0-C02D6891E3E2} = {5688FE92-6238-401D-9DEF-46C0AF96C295}
		{5512D602-B3D6-4D94-AE50-6189FA9A080B} = {5688FE92-6238-401D-9DEF-46C0AF96C295}
		{2AA0C2E4-554D-4E03-BB2D-9325DEF32AD0} = {1BC129E2-EA41-4525-B29F-C3FCE7C4097F}
		{D36483EC-D896-4EB7-A876-2C030BAB56E5} = {FE55CA58-0DBF-476B-B6D0-C02D6891E3E2}
	EndGlobalSection
	GlobalSection(TestCaseManagementSettings) = postSolution
		CategoryFile = ..\..\nilnul.task.simulation\nilnul.relation(Warshall).vsmdi
	EndGlobalSection
EndGlobal
